// !$*UTF8*$!
{
	archiveVersion = 1;
	classes = {
	};
	objectVersion = 56;
	objects = {

/* Begin PBXBuildFile section */
		517CB44D297F1F4B0033B9EE /* README.md in Resources */ = {isa = PBXBuildFile; fileRef = 517CB44C297F1F4B0033B9EE /* README.md */; };
		51AC1EED297ED933006E3811 /* WeatherApp.swift in Sources */ = {isa = PBXBuildFile; fileRef = 51AC1EEC297ED933006E3811 /* WeatherApp.swift */; };
		51AC1EEF297ED933006E3811 /* ContentView.swift in Sources */ = {isa = PBXBuildFile; fileRef = 51AC1EEE297ED933006E3811 /* ContentView.swift */; };
		51AC1EF1297ED935006E3811 /* Assets.xcassets in Resources */ = {isa = PBXBuildFile; fileRef = 51AC1EF0297ED935006E3811 /* Assets.xcassets */; };
		51AC1EF4297ED935006E3811 /* Preview Assets.xcassets in Resources */ = {isa = PBXBuildFile; fileRef = 51AC1EF3297ED935006E3811 /* Preview Assets.xcassets */; };
		51AC1EFC297ED96B006E3811 /* LocationManager.swift in Sources */ = {isa = PBXBuildFile; fileRef = 51AC1EFB297ED96B006E3811 /* LocationManager.swift */; };
		51AC1EFF297EDCC6006E3811 /* WelcomeView.swift in Sources */ = {isa = PBXBuildFile; fileRef = 51AC1EFE297EDCC6006E3811 /* WelcomeView.swift */; };
		51AC1F01297EE0D7006E3811 /* LoadingView.swift in Sources */ = {isa = PBXBuildFile; fileRef = 51AC1F00297EE0D7006E3811 /* LoadingView.swift */; };
		51AC1F03297EE31F006E3811 /* WeatherManager.swift in Sources */ = {isa = PBXBuildFile; fileRef = 51AC1F02297EE31F006E3811 /* WeatherManager.swift */; };
		51AC1F05297EEA04006E3811 /* ModelData.swift in Sources */ = {isa = PBXBuildFile; fileRef = 51AC1F04297EEA04006E3811 /* ModelData.swift */; };
		51AC1F07297EEA58006E3811 /* weatherData.json in Resources */ = {isa = PBXBuildFile; fileRef = 51AC1F06297EEA58006E3811 /* weatherData.json */; };
		51AC1F09297EEAC0006E3811 /* WeatherView.swift in Sources */ = {isa = PBXBuildFile; fileRef = 51AC1F08297EEAC0006E3811 /* WeatherView.swift */; };
		51AC1F0B297EEB54006E3811 /* Extensions.swift in Sources */ = {isa = PBXBuildFile; fileRef = 51AC1F0A297EEB54006E3811 /* Extensions.swift */; };
		51AC1F0D297EF5E7006E3811 /* WeatherRow.swift in Sources */ = {isa = PBXBuildFile; fileRef = 51AC1F0C297EF5E6006E3811 /* WeatherRow.swift */; };
/* End PBXBuildFile section */

/* Begin PBXFileReference section */
		517CB44C297F1F4B0033B9EE /* README.md */ = {isa = PBXFileReference; fileEncoding = 4; lastKnownFileType = net.daringfireball.markdown; path = README.md; sourceTree = SOURCE_ROOT; };
		51AC1EE9297ED933006E3811 /* Weather.app */ = {isa = PBXFileReference; explicitFileType = wrapper.application; includeInIndex = 0; path = Weather.app; sourceTree = BUILT_PRODUCTS_DIR; };
		51AC1EEC297ED933006E3811 /* WeatherApp.swift */ = {isa = PBXFileReference; lastKnownFileType = sourcecode.swift; path = WeatherApp.swift; sourceTree = "<group>"; };
		51AC1EEE297ED933006E3811 /* ContentView.swift */ = {isa = PBXFileReference; lastKnownFileType = sourcecode.swift; path = ContentView.swift; sourceTree = "<group>"; };
		51AC1EF0297ED935006E3811 /* Assets.xcassets */ = {isa = PBXFileReference; lastKnownFileType = folder.assetcatalog; path = Assets.xcassets; sourceTree = "<group>"; };
		51AC1EF3297ED935006E3811 /* Preview Assets.xcassets */ = {isa = PBXFileReference; lastKnownFileType = folder.assetcatalog; path = "Preview Assets.xcassets"; sourceTree = "<group>"; };
		51AC1EFB297ED96B006E3811 /* LocationManager.swift */ = {isa = PBXFileReference; lastKnownFileType = sourcecode.swift; path = LocationManager.swift; sourceTree = "<group>"; };
		51AC1EFE297EDCC6006E3811 /* WelcomeView.swift */ = {isa = PBXFileReference; lastKnownFileType = sourcecode.swift; path = WelcomeView.swift; sourceTree = "<group>"; };
		51AC1F00297EE0D7006E3811 /* LoadingView.swift */ = {isa = PBXFileReference; lastKnownFileType = sourcecode.swift; path = LoadingView.swift; sourceTree = "<group>"; };
		51AC1F02297EE31F006E3811 /* WeatherManager.swift */ = {isa = PBXFileReference; lastKnownFileType = sourcecode.swift; path = WeatherManager.swift; sourceTree = "<group>"; };
		51AC1F04297EEA04006E3811 /* ModelData.swift */ = {isa = PBXFileReference; lastKnownFileType = sourcecode.swift; path = ModelData.swift; sourceTree = "<group>"; };
		51AC1F06297EEA58006E3811 /* weatherData.json */ = {isa = PBXFileReference; lastKnownFileType = text.json; path = weatherData.json; sourceTree = "<group>"; };
		51AC1F08297EEAC0006E3811 /* WeatherView.swift */ = {isa = PBXFileReference; lastKnownFileType = sourcecode.swift; path = WeatherView.swift; sourceTree = "<group>"; };
		51AC1F0A297EEB54006E3811 /* Extensions.swift */ = {isa = PBXFileReference; lastKnownFileType = sourcecode.swift; path = Extensions.swift; sourceTree = "<group>"; };
		51AC1F0C297EF5E6006E3811 /* WeatherRow.swift */ = {isa = PBXFileReference; lastKnownFileType = sourcecode.swift; path = WeatherRow.swift; sourceTree = "<group>"; };
/* End PBXFileReference section */

/* Begin PBXFrameworksBuildPhase section */
		51AC1EE6297ED933006E3811 /* Frameworks */ = {
			isa = PBXFrameworksBuildPhase;
			buildActionMask = 2147483647;
			files = (
			);
			runOnlyForDeploymentPostprocessing = 0;
		};
/* End PBXFrameworksBuildPhase section */

/* Begin PBXGroup section */
		51AC1EE0297ED933006E3811 = {
			isa = PBXGroup;
			children = (
				51AC1EEB297ED933006E3811 /* Weather */,
				51AC1EEA297ED933006E3811 /* Products */,
			);
			sourceTree = "<group>";
		};
		51AC1EEA297ED933006E3811 /* Products */ = {
			isa = PBXGroup;
			children = (
				51AC1EE9297ED933006E3811 /* Weather.app */,
			);
			name = Products;
			sourceTree = "<group>";
		};
		51AC1EEB297ED933006E3811 /* Weather */ = {
			isa = PBXGroup;
			children = (
				51AC1EEC297ED933006E3811 /* WeatherApp.swift */,
				51AC1F0A297EEB54006E3811 /* Extensions.swift */,
				51AC1EFD297EDCB2006E3811 /* Views */,
				51AC1EFA297ED948006E3811 /* Managers */,
				51AC1EF0297ED935006E3811 /* Assets.xcassets */,
				51AC1EF2297ED935006E3811 /* Preview Content */,
			);
			path = Weather;
			sourceTree = "<group>";
		};
		51AC1EF2297ED935006E3811 /* Preview Content */ = {
			isa = PBXGroup;
			children = (
				51AC1EF3297ED935006E3811 /* Preview Assets.xcassets */,
				51AC1F04297EEA04006E3811 /* ModelData.swift */,
				51AC1F06297EEA58006E3811 /* weatherData.json */,
				517CB44C297F1F4B0033B9EE /* README.md */,
			);
			path = "Preview Content";
			sourceTree = "<group>";
		};
		51AC1EFA297ED948006E3811 /* Managers */ = {
			isa = PBXGroup;
			children = (
				51AC1EFB297ED96B006E3811 /* LocationManager.swift */,
				51AC1F02297EE31F006E3811 /* WeatherManager.swift */,
			);
			path = Managers;
			sourceTree = "<group>";
		};
		51AC1EFD297EDCB2006E3811 /* Views */ = {
			isa = PBXGroup;
			children = (
				51AC1EEE297ED933006E3811 /* ContentView.swift */,
				51AC1F00297EE0D7006E3811 /* LoadingView.swift */,
				51AC1EFE297EDCC6006E3811 /* WelcomeView.swift */,
				51AC1F08297EEAC0006E3811 /* WeatherView.swift */,
				51AC1F0C297EF5E6006E3811 /* WeatherRow.swift */,
			);
			path = Views;
			sourceTree = "<group>";
		};
/* End PBXGroup section */

/* Begin PBXNativeTarget section */
		51AC1EE8297ED933006E3811 /* Weather */ = {
			isa = PBXNativeTarget;
			buildConfigurationList = 51AC1EF7297ED935006E3811 /* Build configuration list for PBXNativeTarget "Weather" */;
			buildPhases = (
				51AC1EE5297ED933006E3811 /* Sources */,
				51AC1EE6297ED933006E3811 /* Frameworks */,
				51AC1EE7297ED933006E3811 /* Resources */,
			);
			buildRules = (
			);
			dependencies = (
			);
			name = Weather;
			productName = Weather;
			productReference = 51AC1EE9297ED933006E3811 /* Weather.app */;
			productType = "com.apple.product-type.application";
		};
/* End PBXNativeTarget section */

/* Begin PBXProject section */
		51AC1EE1297ED933006E3811 /* Project object */ = {
			isa = PBXProject;
			attributes = {
				BuildIndependentTargetsInParallel = 1;
				LastSwiftUpdateCheck = 1420;
				LastUpgradeCheck = 1420;
				TargetAttributes = {
					51AC1EE8297ED933006E3811 = {
						CreatedOnToolsVersion = 14.2;
					};
				};
			};
			buildConfigurationList = 51AC1EE4297ED933006E3811 /* Build configuration list for PBXProject "Weather" */;
			compatibilityVersion = "Xcode 14.0";
			developmentRegion = en;
			hasScannedForEncodings = 0;
			knownRegions = (
				en,
				Base,
			);
			mainGroup = 51AC1EE0297ED933006E3811;
			productRefGroup = 51AC1EEA297ED933006E3811 /* Products */;
			projectDirPath = "";
			projectRoot = "";
			targets = (
				51AC1EE8297ED933006E3811 /* Weather */,
			);
		};
/* End PBXProject section */

/* Begin PBXResourcesBuildPhase section */
		51AC1EE7297ED933006E3811 /* Resources */ = {
			isa = PBXResourcesBuildPhase;
			buildActionMask = 2147483647;
			files = (
				51AC1EF4297ED935006E3811 /* Preview Assets.xcassets in Resources */,
				51AC1F07297EEA58006E3811 /* weatherData.json in Resources */,
				517CB44D297F1F4B0033B9EE /* README.md in Resources */,
				51AC1EF1297ED935006E3811 /* Assets.xcassets in Resources */,
			);
			runOnlyForDeploymentPostprocessing = 0;
		};
/* End PBXResourcesBuildPhase section */

/* Begin PBXSourcesBuildPhase section */
		51AC1EE5297ED933006E3811 /* Sources */ = {
			isa = PBXSourcesBuildPhase;
			buildActionMask = 2147483647;
			files = (
				51AC1F03297EE31F006E3811 /* WeatherManager.swift in Sources */,
				51AC1EEF297ED933006E3811 /* ContentView.swift in Sources */,
				51AC1EFC297ED96B006E3811 /* LocationManager.swift in Sources */,
				51AC1F0B297EEB54006E3811 /* Extensions.swift in Sources */,
				51AC1EED297ED933006E3811 /* WeatherApp.swift in Sources */,
				51AC1F0D297EF5E7006E3811 /* WeatherRow.swift in Sources */,
				51AC1F01297EE0D7006E3811 /* LoadingView.swift in Sources */,
				51AC1EFF297EDCC6006E3811 /* WelcomeView.swift in Sources */,
				51AC1F05297EEA04006E3811 /* ModelData.swift in Sources */,
				51AC1F09297EEAC0006E3811 /* WeatherView.swift in Sources */,
			);
			runOnlyForDeploymentPostprocessing = 0;
		};
/* End PBXSourcesBuildPhase section */

/* Begin XCBuildConfiguration section */
		51AC1EF5297ED935006E3811 /* Debug */ = {
			isa = XCBuildConfiguration;
			buildSettings = {
				ALWAYS_SEARCH_USER_PATHS = NO;
				CLANG_ANALYZER_NONNULL = YES;
				CLANG_ANALYZER_NUMBER_OBJECT_CONVERSION = YES_AGGRESSIVE;
				CLANG_CXX_LANGUAGE_STANDARD = "gnu++20";
				CLANG_ENABLE_MODULES = YES;
				CLANG_ENABLE_OBJC_ARC = YES;
				CLANG_ENABLE_OBJC_WEAK = YES;
				CLANG_WARN_BLOCK_CAPTURE_AUTORELEASING = YES;
				CLANG_WARN_BOOL_CONVERSION = YES;
				CLANG_WARN_COMMA = YES;
				CLANG_WARN_CONSTANT_CONVERSION = YES;
				CLANG_WARN_DEPRECATED_OBJC_IMPLEMENTATIONS = YES;
				CLANG_WARN_DIRECT_OBJC_ISA_USAGE = YES_ERROR;
				CLANG_WARN_DOCUMENTATION_COMMENTS = YES;
				CLANG_WARN_EMPTY_BODY = YES;
				CLANG_WARN_ENUM_CONVERSION = YES;
				CLANG_WARN_INFINITE_RECURSION = YES;
				CLANG_WARN_INT_CONVERSION = YES;
				CLANG_WARN_NON_LITERAL_NULL_CONVERSION = YES;
				CLANG_WARN_OBJC_IMPLICIT_RETAIN_SELF = YES;
				CLANG_WARN_OBJC_LITERAL_CONVERSION = YES;
				CLANG_WARN_OBJC_ROOT_CLASS = YES_ERROR;
				CLANG_WARN_QUOTED_INCLUDE_IN_FRAMEWORK_HEADER = YES;
				CLANG_WARN_RANGE_LOOP_ANALYSIS = YES;
				CLANG_WARN_STRICT_PROTOTYPES = YES;
				CLANG_WARN_SUSPICIOUS_MOVE = YES;
				CLANG_WARN_UNGUARDED_AVAILABILITY = YES_AGGRESSIVE;
				CLANG_WARN_UNREACHABLE_CODE = YES;
				CLANG_WARN__DUPLICATE_METHOD_MATCH = YES;
				COPY_PHASE_STRIP = NO;
				DEBUG_INFORMATION_FORMAT = dwarf;
				ENABLE_STRICT_OBJC_MSGSEND = YES;
				ENABLE_TESTABILITY = YES;
				GCC_C_LANGUAGE_STANDARD = gnu11;
				GCC_DYNAMIC_NO_PIC = NO;
				GCC_NO_COMMON_BLOCKS = YES;
				GCC_OPTIMIZATION_LEVEL = 0;
				GCC_PREPROCESSOR_DEFINITIONS = (
					"DEBUG=1",
					"$(inherited)",
				);
				GCC_WARN_64_TO_32_BIT_CONVERSION = YES;
				GCC_WARN_ABOUT_RETURN_TYPE = YES_ERROR;
				GCC_WARN_UNDECLARED_SELECTOR = YES;
				GCC_WARN_UNINITIALIZED_AUTOS = YES_AGGRESSIVE;
				GCC_WARN_UNUSED_FUNCTION = YES;
				GCC_WARN_UNUSED_VARIABLE = YES;
				IPHONEOS_DEPLOYMENT_TARGET = 16.2;
				MTL_ENABLE_DEBUG_INFO = INCLUDE_SOURCE;
				MTL_FAST_MATH = YES;
				ONLY_ACTIVE_ARCH = YES;
				SDKROOT = iphoneos;
				SWIFT_ACTIVE_COMPILATION_CONDITIONS = DEBUG;
				SWIFT_OPTIMIZATION_LEVEL = "-Onone";
			};
			name = Debug;
		};
		51AC1EF6297ED935006E3811 /* Release */ = {
			isa = XCBuildConfiguration;
			buildSettings = {
				ALWAYS_SEARCH_USER_PATHS = NO;
				CLANG_ANALYZER_NONNULL = YES;
				CLANG_ANALYZER_NUMBER_OBJECT_CONVERSION = YES_AGGRESSIVE;
				CLANG_CXX_LANGUAGE_STANDARD = "gnu++20";
				CLANG_ENABLE_MODULES = YES;
				CLANG_ENABLE_OBJC_ARC = YES;
				CLANG_ENABLE_OBJC_WEAK = YES;
				CLANG_WARN_BLOCK_CAPTURE_AUTORELEASING = YES;
				CLANG_WARN_BOOL_CONVERSION = YES;
				CLANG_WARN_COMMA = YES;
				CLANG_WARN_CONSTANT_CONVERSION = YES;
				CLANG_WARN_DEPRECATED_OBJC_IMPLEMENTATIONS = YES;
				CLANG_WARN_DIRECT_OBJC_ISA_USAGE = YES_ERROR;
				CLANG_WARN_DOCUMENTATION_COMMENTS = YES;
				CLANG_WARN_EMPTY_BODY = YES;
				CLANG_WARN_ENUM_CONVERSION = YES;
				CLANG_WARN_INFINITE_RECURSION = YES;
				CLANG_WARN_INT_CONVERSION = YES;
				CLANG_WARN_NON_LITERAL_NULL_CONVERSION = YES;
				CLANG_WARN_OBJC_IMPLICIT_RETAIN_SELF = YES;
				CLANG_WARN_OBJC_LITERAL_CONVERSION = YES;
				CLANG_WARN_OBJC_ROOT_CLASS = YES_ERROR;
				CLANG_WARN_QUOTED_INCLUDE_IN_FRAMEWORK_HEADER = YES;
				CLANG_WARN_RANGE_LOOP_ANALYSIS = YES;
				CLANG_WARN_STRICT_PROTOTYPES = YES;
				CLANG_WARN_SUSPICIOUS_MOVE = YES;
				CLANG_WARN_UNGUARDED_AVAILABILITY = YES_AGGRESSIVE;
				CLANG_WARN_UNREACHABLE_CODE = YES;
				CLANG_WARN__DUPLICATE_METHOD_MATCH = YES;
				COPY_PHASE_STRIP = NO;
				DEBUG_INFORMATION_FORMAT = "dwarf-with-dsym";
				ENABLE_NS_ASSERTIONS = NO;
				ENABLE_STRICT_OBJC_MSGSEND = YES;
				GCC_C_LANGUAGE_STANDARD = gnu11;
				GCC_NO_COMMON_BLOCKS = YES;
				GCC_WARN_64_TO_32_BIT_CONVERSION = YES;
				GCC_WARN_ABOUT_RETURN_TYPE = YES_ERROR;
				GCC_WARN_UNDECLARED_SELECTOR = YES;
				GCC_WARN_UNINITIALIZED_AUTOS = YES_AGGRESSIVE;
				GCC_WARN_UNUSED_FUNCTION = YES;
				GCC_WARN_UNUSED_VARIABLE = YES;
				IPHONEOS_DEPLOYMENT_TARGET = 16.2;
				MTL_ENABLE_DEBUG_INFO = NO;
				MTL_FAST_MATH = YES;
				SDKROOT = iphoneos;
				SWIFT_COMPILATION_MODE = wholemodule;
				SWIFT_OPTIMIZATION_LEVEL = "-O";
				VALIDATE_PRODUCT = YES;
			};
			name = Release;
		};
		51AC1EF8297ED935006E3811 /* Debug */ = {
			isa = XCBuildConfiguration;
			buildSettings = {
				ASSETCATALOG_COMPILER_APPICON_NAME = AppIcon;
				ASSETCATALOG_COMPILER_GLOBAL_ACCENT_COLOR_NAME = AccentColor;
				CODE_SIGN_STYLE = Automatic;
				CURRENT_PROJECT_VERSION = 1;
				DEVELOPMENT_ASSET_PATHS = "\"Weather/Preview Content\"";
				ENABLE_PREVIEWS = YES;
				GENERATE_INFOPLIST_FILE = YES;
				INFOPLIST_KEY_UIApplicationSceneManifest_Generation = YES;
				INFOPLIST_KEY_UIApplicationSupportsIndirectInputEvents = YES;
				INFOPLIST_KEY_UILaunchScreen_Generation = YES;
				INFOPLIST_KEY_UISupportedInterfaceOrientations_iPad = "UIInterfaceOrientationPortrait UIInterfaceOrientationPortraitUpsideDown UIInterfaceOrientationLandscapeLeft UIInterfaceOrientationLandscapeRight";
				INFOPLIST_KEY_UISupportedInterfaceOrientations_iPhone = "UIInterfaceOrientationPortrait UIInterfaceOrientationLandscapeLeft UIInterfaceOrientationLandscapeRight";
				LD_RUNPATH_SEARCH_PATHS = (
					"$(inherited)",
					"@executable_path/Frameworks",
				);
				MARKETING_VERSION = 1.0;
				PRODUCT_BUNDLE_IDENTIFIER = hello.Weather;
				PRODUCT_NAME = "$(TARGET_NAME)";
				SWIFT_EMIT_LOC_STRINGS = YES;
				SWIFT_VERSION = 5.0;
				TARGETED_DEVICE_FAMILY = "1,2";
			};
			name = Debug;
		};
		51AC1EF9297ED935006E3811 /* Release */ = {
			isa = XCBuildConfiguration;
			buildSettings = {
				ASSETCATALOG_COMPILER_APPICON_NAME = AppIcon;
				ASSETCATALOG_COMPILER_GLOBAL_ACCENT_COLOR_NAME = AccentColor;
				CODE_SIGN_STYLE = Automatic;
				CURRENT_PROJECT_VERSION = 1;
				DEVELOPMENT_ASSET_PATHS = "\"Weather/Preview Content\"";
				ENABLE_PREVIEWS = YES;
				GENERATE_INFOPLIST_FILE = YES;
				INFOPLIST_KEY_UIApplicationSceneManifest_Generation = YES;
				INFOPLIST_KEY_UIApplicationSupportsIndirectInputEvents = YES;
				INFOPLIST_KEY_UILaunchScreen_Generation = YES;
				INFOPLIST_KEY_UISupportedInterfaceOrientations_iPad = "UIInterfaceOrientationPortrait UIInterfaceOrientationPortraitUpsideDown UIInterfaceOrientationLandscapeLeft UIInterfaceOrientationLandscapeRight";
				INFOPLIST_KEY_UISupportedInterfaceOrientations_iPhone = "UIInterfaceOrientationPortrait UIInterfaceOrientationLandscapeLeft UIInterfaceOrientationLandscapeRight";
				LD_RUNPATH_SEARCH_PATHS = (
					"$(inherited)",
					"@executable_path/Frameworks",
				);
				MARKETING_VERSION = 1.0;
				PRODUCT_BUNDLE_IDENTIFIER = hello.Weather;
				PRODUCT_NAME = "$(TARGET_NAME)";
				SWIFT_EMIT_LOC_STRINGS = YES;
				SWIFT_VERSION = 5.0;
				TARGETED_DEVICE_FAMILY = "1,2";
			};
			name = Release;
		};
/* End XCBuildConfiguration section */

/* Begin XCConfigurationList section */
		51AC1EE4297ED933006E3811 /* Build configuration list for PBXProject "Weather" */ = {
			isa = XCConfigurationList;
			buildConfigurations = (
				51AC1EF5297ED935006E3811 /* Debug */,
				51AC1EF6297ED935006E3811 /* Release */,
			);
			defaultConfigurationIsVisible = 0;
			defaultConfigurationName = Release;
		};
		51AC1EF7297ED935006E3811 /* Build configuration list for PBXNativeTarget "Weather" */ = {
			isa = XCConfigurationList;
			buildConfigurations = (
				51AC1EF8297ED935006E3811 /* Debug */,
				51AC1EF9297ED935006E3811 /* Release */,
			);
			defaultConfigurationIsVisible = 0;
			defaultConfigurationName = Release;
		};
/* End XCConfigurationList section */
	};
	rootObject = 51AC1EE1297ED933006E3811 /* Project object */;
}
